{
  "name": "notionreads",
  "version": "1.0.0",
  "lockfileVersion": 1,
  "requires": true,
  "dependencies": {
    "@notionhq/client": {
      "version": "0.4.12",
      "resolved": "https://npm.yandex-team.ru/@notionhq%2fclient/-/client-0.4.12.tgz?rbtorrent=d3476d78cacf9870e6b98ac01407d0a6c00313a5",
      "integrity": "sha512-HM8eiZRG5PAo9Iu+r0p9FRNwxrMrYPUUf94AdEhqwAEk3u6OfjnKfnp9+dmlJtva73pw3kkeJuAVrldA0RstEQ==",
      "requires": {
        "@types/node-fetch": "^2.5.10",
        "node-fetch": "^2.6.1"
      }
    },
    "@sindresorhus/is": {
      "version": "4.2.1",
      "resolved": "https://npm.yandex-team.ru/@sindresorhus%2fis/-/is-4.2.1.tgz?rbtorrent=759572302865b3997f9ba811835a8904057c9a68",
      "integrity": "sha512-BrzrgtaqEre0qfvI8sMTaEvx+bayuhPmfe2rfeUGPPHYr/PLxCOqkOe4TQTDPb+qcqgNcsAtXV/Ew74mcDIE8w=="
    },
    "@szmarczak/http-timer": {
      "version": "5.0.1",
      "resolved": "https://npm.yandex-team.ru/@szmarczak%2fhttp-timer/-/http-timer-5.0.1.tgz?rbtorrent=99bd8fa633bb5b8e8ed6651d5ebe2d4ea37d6f54",
      "integrity": "sha512-+PmQX0PiAYPMeVYe237LJAYvOMYW1j2rH5YROyS3b4CTVJum34HfRvKvAzozHAQG0TnHNdUfY9nCeUyRAs//cw==",
      "requires": {
        "defer-to-connect": "^2.0.1"
      }
    },
    "@types/cacheable-request": {
      "version": "6.0.2",
      "resolved": "https://npm.yandex-team.ru/@types%2fcacheable-request/-/cacheable-request-6.0.2.tgz?rbtorrent=067207b55df04a1d272ab42c15f70ce24bd829e7",
      "integrity": "sha512-B3xVo+dlKM6nnKTcmm5ZtY/OL8bOAOd2Olee9M1zft65ox50OzjEHW91sDiU9j6cvW8Ejg1/Qkf4xd2kugApUA==",
      "requires": {
        "@types/http-cache-semantics": "*",
        "@types/keyv": "*",
        "@types/node": "*",
        "@types/responselike": "*"
      }
    },
    "@types/http-cache-semantics": {
      "version": "4.0.1",
      "resolved": "https://npm.yandex-team.ru/@types%2fhttp-cache-semantics/-/http-cache-semantics-4.0.1.tgz?rbtorrent=18c7ec7c0624bdae64e552c350213c3078c3e0bf",
      "integrity": "sha512-SZs7ekbP8CN0txVG2xVRH6EgKmEm31BOxA07vkFaETzZz1xh+cbt8BcI0slpymvwhx5dlFnQG2rTlPVQn+iRPQ=="
    },
    "@types/keyv": {
      "version": "3.1.3",
      "resolved": "https://npm.yandex-team.ru/@types%2fkeyv/-/keyv-3.1.3.tgz?rbtorrent=1d1d0c72af0e23d6fda79dfaadf3b59355f9f1d8",
      "integrity": "sha512-FXCJgyyN3ivVgRoml4h94G/p3kY+u/B86La+QptcqJaWtBWtmc6TtkNfS40n9bIvyLteHh7zXOtgbobORKPbDg==",
      "requires": {
        "@types/node": "*"
      }
    },
    "@types/node": {
      "version": "17.0.8",
      "resolved": "https://npm.yandex-team.ru/@types%2fnode/-/node-17.0.8.tgz?rbtorrent=e89d7fc57b106d4f5945d775e66b174b876a8bcb",
      "integrity": "sha512-YofkM6fGv4gDJq78g4j0mMuGMkZVxZDgtU0JRdx6FgiJDG+0fY0GKVolOV8WqVmEhLCXkQRjwDdKyPxJp/uucg=="
    },
    "@types/node-fetch": {
      "version": "2.5.12",
      "resolved": "https://npm.yandex-team.ru/@types%2fnode-fetch/-/node-fetch-2.5.12.tgz?rbtorrent=e1b400fcba37f0b10e855c2e9155574a7af27aa6",
      "integrity": "sha512-MKgC4dlq4kKNa/mYrwpKfzQMB5X3ee5U6fSprkKpToBqBmX4nFZL9cW5jl6sWn+xpRJ7ypWh2yyqqr8UUCstSw==",
      "requires": {
        "@types/node": "*",
        "form-data": "^3.0.0"
      }
    },
    "@types/responselike": {
      "version": "1.0.0",
      "resolved": "https://npm.yandex-team.ru/@types%2fresponselike/-/responselike-1.0.0.tgz?rbtorrent=4678546d0a394a91c60d838d415b2ce520ddae17",
      "integrity": "sha512-85Y2BjiufFzaMIlvJDvTTB8Fxl2xfLo4HgmHzVBz08w4wDePCTjYw66PdrolO0kzli3yam/YCgRufyo1DdQVTA==",
      "requires": {
        "@types/node": "*"
      }
    },
    "asynckit": {
      "version": "0.4.0",
      "resolved": "https://npm.yandex-team.ru/asynckit/-/asynckit-0.4.0.tgz?rbtorrent=1553f85c44099047a7a523650e761f039c77d322",
      "integrity": "sha1-x57Zf380y48robyXkLzDZkdLS3k="
    },
    "cacheable-lookup": {
      "version": "6.0.4",
      "resolved": "https://npm.yandex-team.ru/cacheable-lookup/-/cacheable-lookup-6.0.4.tgz?rbtorrent=295c64f489480f7dbee8a3eb09418381ff049461",
      "integrity": "sha512-mbcDEZCkv2CZF4G01kr8eBd/5agkt9oCqz75tJMSIsquvRZ2sL6Hi5zGVKi/0OSC9oO1GHfJ2AV0ZIOY9vye0A=="
    },
    "cacheable-request": {
      "version": "7.0.2",
      "resolved": "https://npm.yandex-team.ru/cacheable-request/-/cacheable-request-7.0.2.tgz?rbtorrent=ceabb7b56678ce8f47e6134c4bb83e69d14777c2",
      "integrity": "sha512-pouW8/FmiPQbuGpkXQ9BAPv/Mo5xDGANgSNXzTzJ8DrKGuXOssM4wIQRjfanNRh3Yu5cfYPvcorqbhg2KIJtew==",
      "requires": {
        "clone-response": "^1.0.2",
        "get-stream": "^5.1.0",
        "http-cache-semantics": "^4.0.0",
        "keyv": "^4.0.0",
        "lowercase-keys": "^2.0.0",
        "normalize-url": "^6.0.1",
        "responselike": "^2.0.0"
      },
      "dependencies": {
        "get-stream": {
          "version": "5.2.0",
          "resolved": "https://npm.yandex-team.ru/get-stream/-/get-stream-5.2.0.tgz?rbtorrent=807e4f67a2aebd45f55854d6e899ce64972caf23",
          "integrity": "sha512-nBF+F1rAZVCu/p7rjzgA+Yb4lfYXrpl7a6VmJrU8wF9I1CKvP/QwPNZHnOlwbTkY6dvtFIzFMSyQXbLoTQPRpA==",
          "requires": {
            "pump": "^3.0.0"
          }
        },
        "lowercase-keys": {
          "version": "2.0.0",
          "resolved": "https://npm.yandex-team.ru/lowercase-keys/-/lowercase-keys-2.0.0.tgz?rbtorrent=4a5b8605b468458530f8333fd71555b65efce89d",
          "integrity": "sha512-tqNXrS78oMOE73NMxK4EMLQsQowWf8jKooH9g7xPavRT706R6bkQJ6DY2Te7QukaZsulxa30wQ7bk0pm4XiHmA=="
        }
      }
    },
    "clone-response": {
      "version": "1.0.2",
      "resolved": "https://npm.yandex-team.ru/clone-response/-/clone-response-1.0.2.tgz?rbtorrent=3ca5c378359ae41f31046a5eb71bacf5c1994413",
      "integrity": "sha1-0dyXOSAxTfZ/vrlCI7TuNQI56Ws=",
      "requires": {
        "mimic-response": "^1.0.0"
      }
    },
    "combined-stream": {
      "version": "1.0.8",
      "resolved": "https://npm.yandex-team.ru/combined-stream/-/combined-stream-1.0.8.tgz?rbtorrent=a90a2c7a1dc392dce545e609ee7a33b8459e5687",
      "integrity": "sha512-FQN4MRfuJeHf7cBbBMJFXhKSDq+2kAArBlmRBvcvFE5BB1HZKXtSFASDhdlz9zOYwxh8lDdnvmMOe/+5cdoEdg==",
      "requires": {
        "delayed-stream": "~1.0.0"
      }
    },
    "decompress-response": {
      "version": "6.0.0",
      "resolved": "https://npm.yandex-team.ru/decompress-response/-/decompress-response-6.0.0.tgz?rbtorrent=a5b67999613882d2dc477a250e27b3b0e13699cb",
      "integrity": "sha512-aW35yZM6Bb/4oJlZncMH2LCoZtJXTRxES17vE3hoRiowU2kWHaJKFkSBDnDR+cm9J+9QhXmREyIfv0pji9ejCQ==",
      "requires": {
        "mimic-response": "^3.1.0"
      },
      "dependencies": {
        "mimic-response": {
          "version": "3.1.0",
          "resolved": "https://npm.yandex-team.ru/mimic-response/-/mimic-response-3.1.0.tgz?rbtorrent=a204335db4b8aabe3f831ca7609458eed85ccd23",
          "integrity": "sha512-z0yWI+4FDrrweS8Zmt4Ej5HdJmky15+L2e6Wgn3+iK5fWzb6T3fhNFq2+MeTRb064c6Wr4N/wv0DzQTjNzHNGQ=="
        }
      }
    },
    "defer-to-connect": {
      "version": "2.0.1",
      "resolved": "https://npm.yandex-team.ru/defer-to-connect/-/defer-to-connect-2.0.1.tgz?rbtorrent=c28cc5e4e46e27d6fc5467164ecb51b6e113814a",
      "integrity": "sha512-4tvttepXG1VaYGrRibk5EwJd1t4udunSOVMdLSAL6mId1ix438oPwPZMALY41FCijukO1L0twNcGsdzS7dHgDg=="
    },
    "delayed-stream": {
      "version": "1.0.0",
      "resolved": "https://npm.yandex-team.ru/delayed-stream/-/delayed-stream-1.0.0.tgz?rbtorrent=44bab21eb37f612ce8864509107904da4dd90f8d",
      "integrity": "sha1-3zrhmayt+31ECqrgsp4icrJOxhk="
    },
    "dotenv": {
      "version": "11.0.0",
      "resolved": "https://npm.yandex-team.ru/dotenv/-/dotenv-11.0.0.tgz?rbtorrent=c18fcc26ef20d8555acbe843b0b988087c1dcad6",
      "integrity": "sha512-Fp/b504Y5W+e+FpCxTFMUZ7ZEQkQYF0rx+KZtmwixJxGQbLHrhCwo3FjZgNC8vIfrSi29PABNbMoCGD9YoiXbQ=="
    },
    "end-of-stream": {
      "version": "1.4.4",
      "resolved": "https://npm.yandex-team.ru/end-of-stream/-/end-of-stream-1.4.4.tgz?rbtorrent=a90d5140548fbf164b53211d25e22001769bd218",
      "integrity": "sha512-+uw1inIHVPQoaVuHzRyXd21icM+cnt4CzD5rW+NC1wjOUSTOs+Te7FOv7AhN7vS9x/oIyhLP5PR1H+phQAHu5Q==",
      "requires": {
        "once": "^1.4.0"
      }
    },
    "form-data": {
      "version": "3.0.1",
      "resolved": "https://npm.yandex-team.ru/form-data/-/form-data-3.0.1.tgz?rbtorrent=1194ceb51f303f4fb76b90a66697694d9a71c457",
      "integrity": "sha512-RHkBKtLWUVwd7SqRIvCZMEvAMoGUp0XU+seQiZejj0COz3RI3hWP4sCv3gZWWLjJTd7rGwcsF5eKZGii0r/hbg==",
      "requires": {
        "asynckit": "^0.4.0",
        "combined-stream": "^1.0.8",
        "mime-types": "^2.1.12"
      }
    },
    "form-data-encoder": {
      "version": "1.7.1",
      "resolved": "https://npm.yandex-team.ru/form-data-encoder/-/form-data-encoder-1.7.1.tgz?rbtorrent=5ad4d30414faf48b326eefcf5b39b68e9fa434ff",
      "integrity": "sha512-EFRDrsMm/kyqbTQocNvRXMLjc7Es2Vk+IQFx/YW7hkUH1eBl4J1fqiP34l74Yt0pFLCNpc06fkbVk00008mzjg=="
    },
    "get-stream": {
      "version": "6.0.1",
      "resolved": "https://npm.yandex-team.ru/get-stream/-/get-stream-6.0.1.tgz?rbtorrent=bdca4f2f993d560de228824b7e49c562d3a4a61b",
      "integrity": "sha512-ts6Wi+2j3jQjqi70w5AlN8DFnkSwC+MqmxEzdEALB2qXZYV3X/b1CTfgPLGJNMeAWxdPfU8FO1ms3NUfaHCPYg=="
    },
    "got": {
      "version": "12.0.1",
      "resolved": "https://npm.yandex-team.ru/got/-/got-12.0.1.tgz?rbtorrent=99485172c67950b79d587c3bb29ae7d0fbf8227c",
      "integrity": "sha512-1Zhoh+lDej3t7Ks1BP/Jufn+rNqdiHQgUOcTxHzg2Dao1LQfp5S4Iq0T3iBxN4Zdo7QqCJL+WJUNzDX6rCP2Ew==",
      "requires": {
        "@sindresorhus/is": "^4.2.0",
        "@szmarczak/http-timer": "^5.0.1",
        "@types/cacheable-request": "^6.0.2",
        "@types/responselike": "^1.0.0",
        "cacheable-lookup": "^6.0.4",
        "cacheable-request": "^7.0.2",
        "decompress-response": "^6.0.0",
        "form-data-encoder": "1.7.1",
        "get-stream": "^6.0.1",
        "http2-wrapper": "^2.1.9",
        "lowercase-keys": "^3.0.0",
        "p-cancelable": "^3.0.0",
        "responselike": "^2.0.0"
      }
    },
    "http-cache-semantics": {
      "version": "4.1.0",
      "resolved": "https://npm.yandex-team.ru/http-cache-semantics/-/http-cache-semantics-4.1.0.tgz?rbtorrent=3d974b0cf7c6a7f6a0171f93ee828c06be44527a",
      "integrity": "sha512-carPklcUh7ROWRK7Cv27RPtdhYhUsela/ue5/jKzjegVvXDqM2ILE9Q2BGn9JZJh1g87cp56su/FgQSzcWS8cQ=="
    },
    "http2-wrapper": {
      "version": "2.1.10",
      "resolved": "https://npm.yandex-team.ru/http2-wrapper/-/http2-wrapper-2.1.10.tgz?rbtorrent=f7e20948ce656b552aa82b7c87ccd9d83edc7b90",
      "integrity": "sha512-QHgsdYkieKp+6JbXP25P+tepqiHYd+FVnDwXpxi/BlUcoIB0nsmTOymTNvETuTO+pDuwcSklPE72VR3DqV+Haw==",
      "requires": {
        "quick-lru": "^5.1.1",
        "resolve-alpn": "^1.2.0"
      }
    },
    "json-buffer": {
      "version": "3.0.1",
      "resolved": "https://npm.yandex-team.ru/json-buffer/-/json-buffer-3.0.1.tgz?rbtorrent=f7148eb8ca6acc0c31b865b680ebc610f708a384",
      "integrity": "sha512-4bV5BfR2mqfQTJm+V5tPPdf+ZpuhiIvTuAB5g8kcrXOZpTT/QwwVRWBywX1ozr6lEuPdbHxwaJlm9G6mI2sfSQ=="
    },
    "keyv": {
      "version": "4.0.5",
      "resolved": "https://npm.yandex-team.ru/keyv/-/keyv-4.0.5.tgz?rbtorrent=7e8a0d4657f8309d791989ee3255975c40c52955",
      "integrity": "sha512-531pkGLqV3BMg0eDqqJFI0R1mkK1Nm5xIP2mM6keP5P8WfFtCkg2IOwplTUmlGoTgIg9yQYZ/kdihhz89XH3vA==",
      "requires": {
        "json-buffer": "3.0.1"
      }
    },
    "lowercase-keys": {
      "version": "3.0.0",
      "resolved": "https://npm.yandex-team.ru/lowercase-keys/-/lowercase-keys-3.0.0.tgz?rbtorrent=b98a941f32dfe82182d0b804497cda8280401483",
      "integrity": "sha512-ozCC6gdQ+glXOQsveKD0YsDy8DSQFjDTz4zyzEHNV5+JP5D62LmfDZ6o1cycFx9ouG940M5dE8C8CTewdj2YWQ=="
    },
    "mime-db": {
      "version": "1.51.0",
      "resolved": "https://npm.yandex-team.ru/mime-db/-/mime-db-1.51.0.tgz?rbtorrent=8a8eaa16ff15135caa7bfcbec27c5440096521ec",
      "integrity": "sha512-5y8A56jg7XVQx2mbv1lu49NR4dokRnhZYTtL+KGfaa27uq4pSTXkwQkFJl4pkRMyNFz/EtYDSkiiEHx3F7UN6g=="
    },
    "mime-types": {
      "version": "2.1.34",
      "resolved": "https://npm.yandex-team.ru/mime-types/-/mime-types-2.1.34.tgz?rbtorrent=8a25a8ecce4c73804945341bb8c1144bae70b914",
      "integrity": "sha512-6cP692WwGIs9XXdOO4++N+7qjqv0rqxxVvJ3VHPh/Sc9mVZcQP+ZGhkKiTvWMQRr2tbHkJP/Yn7Y0npb3ZBs4A==",
      "requires": {
        "mime-db": "1.51.0"
      }
    },
    "mimic-response": {
      "version": "1.0.1",
      "resolved": "https://npm.yandex-team.ru/mimic-response/-/mimic-response-1.0.1.tgz?rbtorrent=3285ae670362b295e4cc447695fcb6346b87d35e",
      "integrity": "sha512-j5EctnkH7amfV/q5Hgmoal1g2QHFJRraOtmx0JpIqkxhBhI/lJSl1nMpQ45hVarwNETOoWEimndZ4QK0RHxuxQ=="
    },
    "node-fetch": {
      "version": "2.6.6",
      "resolved": "https://npm.yandex-team.ru/node-fetch/-/node-fetch-2.6.6.tgz?rbtorrent=5a12b745c51c5235d024755a069032c8eee45b44",
      "integrity": "sha512-Z8/6vRlTUChSdIgMa51jxQ4lrw/Jy5SOW10ObaA47/RElsAN2c5Pn8bTgFGWn/ibwzXTE8qwr1Yzx28vsecXEA==",
      "requires": {
        "whatwg-url": "^5.0.0"
      }
    },
    "normalize-url": {
      "version": "6.1.0",
      "resolved": "https://npm.yandex-team.ru/normalize-url/-/normalize-url-6.1.0.tgz?rbtorrent=f41f4e37a4cf3fb849407c10379e14aa6ef24956",
      "integrity": "sha512-DlL+XwOy3NxAQ8xuC0okPgK46iuVNAK01YN7RueYBqqFeGsBjV9XmCAzAdgt+667bCl5kPh9EqKKDwnaPG1I7A=="
    },
    "once": {
      "version": "1.4.0",
      "resolved": "https://npm.yandex-team.ru/once/-/once-1.4.0.tgz?rbtorrent=631c10ccf90e53addc6a29d4cca37226f2b67537",
      "integrity": "sha1-WDsap3WWHUsROsF9nFC6753Xa9E=",
      "requires": {
        "wrappy": "1"
      }
    },
    "p-cancelable": {
      "version": "3.0.0",
      "resolved": "https://npm.yandex-team.ru/p-cancelable/-/p-cancelable-3.0.0.tgz?rbtorrent=e5b24d1f5904e82d1050e2b4921bc81041aa83f1",
      "integrity": "sha512-mlVgR3PGuzlo0MmTdk4cXqXWlwQDLnONTAg6sm62XkMJEiRxN3GL3SffkYvqwonbkJBcrI7Uvv5Zh9yjvn2iUw=="
    },
    "prettier": {
      "version": "2.5.1",
      "resolved": "https://npm.yandex-team.ru/prettier/-/prettier-2.5.1.tgz?rbtorrent=799fde0e16d933ce873166b2ae180ce7365c80c4",
      "integrity": "sha512-vBZcPRUR5MZJwoyi3ZoyQlc1rXeEck8KgeC9AwwOn+exuxLxq5toTRDTSaVrXHxelDMHy9zlicw8u66yxoSUFg==",
      "dev": true
    },
    "pump": {
      "version": "3.0.0",
      "resolved": "https://npm.yandex-team.ru/pump/-/pump-3.0.0.tgz?rbtorrent=9ecc0c9b98f93709c4ce54ea1dd4b6ff8536e437",
      "integrity": "sha512-LwZy+p3SFs1Pytd/jYct4wpv49HiYCqd9Rlc5ZVdk0V+8Yzv6jR5Blk3TRmPL1ft69TxP0IMZGJ+WPFU2BFhww==",
      "requires": {
        "end-of-stream": "^1.1.0",
        "once": "^1.3.1"
      }
    },
    "quick-lru": {
      "version": "5.1.1",
      "resolved": "https://npm.yandex-team.ru/quick-lru/-/quick-lru-5.1.1.tgz?rbtorrent=3e1817d08f7f06276cc9e9421c9542dc86cb59c2",
      "integrity": "sha512-WuyALRjWPDGtt/wzJiadO5AXY+8hZ80hVpe6MyivgraREW751X3SbhRvG3eLKOYN+8VEvqLcf3wdnt44Z4S4SA=="
    },
    "resolve-alpn": {
      "version": "1.2.1",
      "resolved": "https://npm.yandex-team.ru/resolve-alpn/-/resolve-alpn-1.2.1.tgz?rbtorrent=baca2cd2ed4b3b29ad5e143219ccfe0a5bb6b2ab",
      "integrity": "sha512-0a1F4l73/ZFZOakJnQ3FvkJ2+gSTQWz/r2KE5OdDY0TxPm5h4GkqkWWfM47T7HsbnOtcJVEF4epCVy6u7Q3K+g=="
    },
    "responselike": {
      "version": "2.0.0",
      "resolved": "https://npm.yandex-team.ru/responselike/-/responselike-2.0.0.tgz?rbtorrent=5f3ff1a8016f56f5b46a857d72208c1fe3ba85f1",
      "integrity": "sha512-xH48u3FTB9VsZw7R+vvgaKeLKzT6jOogbQhEe/jewwnZgzPcnyWui2Av6JpoYZF/91uueC+lqhWqeURw5/qhCw==",
      "requires": {
        "lowercase-keys": "^2.0.0"
      },
      "dependencies": {
        "lowercase-keys": {
          "version": "2.0.0",
          "resolved": "https://npm.yandex-team.ru/lowercase-keys/-/lowercase-keys-2.0.0.tgz?rbtorrent=4a5b8605b468458530f8333fd71555b65efce89d",
          "integrity": "sha512-tqNXrS78oMOE73NMxK4EMLQsQowWf8jKooH9g7xPavRT706R6bkQJ6DY2Te7QukaZsulxa30wQ7bk0pm4XiHmA=="
        }
      }
    },
    "tr46": {
      "version": "0.0.3",
      "resolved": "https://npm.yandex-team.ru/tr46/-/tr46-0.0.3.tgz?rbtorrent=c73cc60044b6ee95167d913016ebeaf0bfb9b888",
      "integrity": "sha1-gYT9NH2snNwYWZLzpmIuFLnZq2o="
    },
    "webidl-conversions": {
      "version": "3.0.1",
      "resolved": "https://npm.yandex-team.ru/webidl-conversions/-/webidl-conversions-3.0.1.tgz?rbtorrent=7573d472c2f9e39497e1b78c1a5659a5af833f8d",
      "integrity": "sha1-JFNCdeKnvGvnvIZhHMFq4KVlSHE="
    },
    "whatwg-url": {
      "version": "5.0.0",
      "resolved": "https://npm.yandex-team.ru/whatwg-url/-/whatwg-url-5.0.0.tgz?rbtorrent=9eec0f38e56ea4a007493fedf0e840f55bea314f",
      "integrity": "sha1-lmRU6HZUYuN2RNNib2dCzotwll0=",
      "requires": {
        "tr46": "~0.0.3",
        "webidl-conversions": "^3.0.0"
      }
    },
    "wrappy": {
      "version": "1.0.2",
      "resolved": "https://npm.yandex-team.ru/wrappy/-/wrappy-1.0.2.tgz?rbtorrent=24f631e7a60519be5a0a6d43ff4add05afa3e58f",
      "integrity": "sha1-tSQ9jz7BqjXxNkYFvA0QNuMKtp8="
    }
  }
}
